
Microsoft Visual Studio Solution File, Format Version 12.00
# Visual Studio 2013
Project("{FAE04EC0-301F-11D3-BF4B-00C04F79EFBC}") = "UnityVS.Parenting-101.CSharp", "UnityVS.Parenting-101.CSharp.csproj", "{02330467-4BDF-25E8-99A4-809D4C9FD340}"
EndProject
Global
	GlobalSection(SolutionConfigurationPlatforms) = preSolution
		Debug|Any CPU = Debug|Any CPU
		Release|Any CPU = Release|Any CPU
	EndGlobalSection
	GlobalSection(ProjectConfigurationPlatforms) = postSolution
		{02330467-4BDF-25E8-99A4-809D4C9FD340}.Debug|Any CPU.ActiveCfg = Debug|Any CPU
		{02330467-4BDF-25E8-99A4-809D4C9FD340}.Debug|Any CPU.Build.0 = Debug|Any CPU
		{02330467-4BDF-25E8-99A4-809D4C9FD340}.Release|Any CPU.ActiveCfg = Release|Any CPU
		{02330467-4BDF-25E8-99A4-809D4C9FD340}.Release|Any CPU.Build.0 = Release|Any CPU
	EndGlobalSection
	GlobalSection(SolutionProperties) = preSolution
		HideSolutionNode = FALSE
	EndGlobalSection
EndGlobal
